
Microsoft Visual Studio Solution File, Format Version 12.00
# Visual Studio 15
VisualStudioVersion = 15.0.28307.489
MinimumVisualStudioVersion = 10.0.40219.1
Project("{8BC9CEB8-8B4A-11D0-8D11-00A0C91BC942}") = "PET", "PET\PET.vcxproj", "{CD74859F-05A7-49F0-9446-68DC2BB77295}"
EndProject
Project("{8BC9CEB8-8B4A-11D0-8D11-00A0C91BC942}") = "start", "start\start.vcxproj", "{453AF84F-F903-425B-8B1F-1A633802CB89}"
EndProject
Project("{8BC9CEB8-8B4A-11D0-8D11-00A0C91BC942}") = "hostgen", "host\host.vcxproj", "{8ADD6F74-6D7E-4893-8B59-B9DDAA0AB860}"
EndProject
Project("{8BC9CEB8-8B4A-11D0-8D11-00A0C91BC942}") = "oldpet", "oldpet\oldpet.vcxproj", "{3B3BCD0F-7719-4915-A93E-92BCCCAF78F4}"
EndProject
Project("{8BC9CEB8-8B4A-11D0-8D11-00A0C91BC942}") = "fullsim", "fullsim\fullsim.vcxproj", "{48A5498C-3454-462D-AB00-0DE9E35DD5B2}"
EndProject
Project("{8BC9CEB8-8B4A-11D0-8D11-00A0C91BC942}") = "expdist", "expdist\expdist.vcxproj", "{189B2160-0FA5-459A-B7FB-F3DA5CF8742A}"
EndProject
Project("{8BC9CEB8-8B4A-11D0-8D11-00A0C91BC942}") = "fcount", "fcount\fcount.vcxproj", "{064E38F0-A684-4291-B71E-C46F2FB2BA63}"
EndProject
Project("{8BC9CEB8-8B4A-11D0-8D11-00A0C91BC942}") = "thrustest", "thrustest\thrustest.vcxproj", "{2143069D-D3CC-459E-90E3-C2857205ADBC}"
EndProject
Project("{8BC9CEB8-8B4A-11D0-8D11-00A0C91BC942}") = "oldreco", "oldreco\oldreco.vcxproj", "{E5A2C274-F9E8-42FF-A511-B8B68F0492DC}"
EndProject
Project("{8BC9CEB8-8B4A-11D0-8D11-00A0C91BC942}") = "readspot", "readspot\readspot.vcxproj", "{1AAB36A4-3965-4B67-8FBB-15B2DEE957D1}"
EndProject
Project("{8BC9CEB8-8B4A-11D0-8D11-00A0C91BC942}") = "reco", "reco\reco.vcxproj", "{71E87BBB-4A82-4A84-80C6-ACA1A5DF25FB}"
EndProject
Project("{8BC9CEB8-8B4A-11D0-8D11-00A0C91BC942}") = "smnorm", "smnorm\smnorm.vcxproj", "{C68A6883-DBC2-45AA-BB36-44EC8CA48BE9}"
EndProject
Project("{8BC9CEB8-8B4A-11D0-8D11-00A0C91BC942}") = "pol2cart", "pol2cart\pol2cart.vcxproj", "{58AE2DA5-C68F-4E10-BC72-D094CC14317A}"
EndProject
Project("{8BC9CEB8-8B4A-11D0-8D11-00A0C91BC942}") = "smshow", "smshow\smshow.vcxproj", "{B629DAE3-0FAA-4EEB-97BC-7526F636A226}"
EndProject
Project("{8BC9CEB8-8B4A-11D0-8D11-00A0C91BC942}") = "recosem", "recosem\recosem.vcxproj", "{39CA4A09-D518-4464-A581-6A693BABCDBB}"
EndProject
Project("{8BC9CEB8-8B4A-11D0-8D11-00A0C91BC942}") = "poluse", "poluse\poluse.vcxproj", "{308E85DB-9608-434A-88DD-0E6E4F5CCBF8}"
EndProject
Project("{8BC9CEB8-8B4A-11D0-8D11-00A0C91BC942}") = "smform", "smform\smform.vcxproj", "{575E4669-B143-4574-8562-7D55EB7FE01C}"
EndProject
Project("{8BC9CEB8-8B4A-11D0-8D11-00A0C91BC942}") = "derenzo", "derenzo\derenzo.vcxproj", "{38F0685A-468B-41A7-BF5C-1B152ED136A6}"
EndProject
Global
	GlobalSection(SolutionConfigurationPlatforms) = preSolution
		Debug|x64 = Debug|x64
		Debug|x86 = Debug|x86
		Release|x64 = Release|x64
		Release|x86 = Release|x86
	EndGlobalSection
	GlobalSection(ProjectConfigurationPlatforms) = postSolution
		{CD74859F-05A7-49F0-9446-68DC2BB77295}.Debug|x64.ActiveCfg = Debug|x64
		{CD74859F-05A7-49F0-9446-68DC2BB77295}.Debug|x64.Build.0 = Debug|x64
		{CD74859F-05A7-49F0-9446-68DC2BB77295}.Debug|x86.ActiveCfg = Debug|x64
		{CD74859F-05A7-49F0-9446-68DC2BB77295}.Release|x64.ActiveCfg = Release|x64
		{CD74859F-05A7-49F0-9446-68DC2BB77295}.Release|x64.Build.0 = Release|x64
		{CD74859F-05A7-49F0-9446-68DC2BB77295}.Release|x86.ActiveCfg = Release|x64
		{453AF84F-F903-425B-8B1F-1A633802CB89}.Debug|x64.ActiveCfg = Debug|x64
		{453AF84F-F903-425B-8B1F-1A633802CB89}.Debug|x64.Build.0 = Debug|x64
		{453AF84F-F903-425B-8B1F-1A633802CB89}.Debug|x86.ActiveCfg = Debug|x64
		{453AF84F-F903-425B-8B1F-1A633802CB89}.Release|x64.ActiveCfg = Release|x64
		{453AF84F-F903-425B-8B1F-1A633802CB89}.Release|x64.Build.0 = Release|x64
		{453AF84F-F903-425B-8B1F-1A633802CB89}.Release|x86.ActiveCfg = Release|x64
		{8ADD6F74-6D7E-4893-8B59-B9DDAA0AB860}.Debug|x64.ActiveCfg = Debug|x64
		{8ADD6F74-6D7E-4893-8B59-B9DDAA0AB860}.Debug|x64.Build.0 = Debug|x64
		{8ADD6F74-6D7E-4893-8B59-B9DDAA0AB860}.Debug|x86.ActiveCfg = Debug|Win32
		{8ADD6F74-6D7E-4893-8B59-B9DDAA0AB860}.Debug|x86.Build.0 = Debug|Win32
		{8ADD6F74-6D7E-4893-8B59-B9DDAA0AB860}.Release|x64.ActiveCfg = Release|x64
		{8ADD6F74-6D7E-4893-8B59-B9DDAA0AB860}.Release|x64.Build.0 = Release|x64
		{8ADD6F74-6D7E-4893-8B59-B9DDAA0AB860}.Release|x86.ActiveCfg = Release|Win32
		{8ADD6F74-6D7E-4893-8B59-B9DDAA0AB860}.Release|x86.Build.0 = Release|Win32
		{3B3BCD0F-7719-4915-A93E-92BCCCAF78F4}.Debug|x64.ActiveCfg = Debug|x64
		{3B3BCD0F-7719-4915-A93E-92BCCCAF78F4}.Debug|x64.Build.0 = Debug|x64
		{3B3BCD0F-7719-4915-A93E-92BCCCAF78F4}.Debug|x86.ActiveCfg = Debug|x64
		{3B3BCD0F-7719-4915-A93E-92BCCCAF78F4}.Release|x64.ActiveCfg = Release|x64
		{3B3BCD0F-7719-4915-A93E-92BCCCAF78F4}.Release|x64.Build.0 = Release|x64
		{3B3BCD0F-7719-4915-A93E-92BCCCAF78F4}.Release|x86.ActiveCfg = Release|x64
		{48A5498C-3454-462D-AB00-0DE9E35DD5B2}.Debug|x64.ActiveCfg = Debug|x64
		{48A5498C-3454-462D-AB00-0DE9E35DD5B2}.Debug|x64.Build.0 = Debug|x64
		{48A5498C-3454-462D-AB00-0DE9E35DD5B2}.Debug|x86.ActiveCfg = Debug|x64
		{48A5498C-3454-462D-AB00-0DE9E35DD5B2}.Release|x64.ActiveCfg = Release|x64
		{48A5498C-3454-462D-AB00-0DE9E35DD5B2}.Release|x64.Build.0 = Release|x64
		{48A5498C-3454-462D-AB00-0DE9E35DD5B2}.Release|x86.ActiveCfg = Release|x64
		{189B2160-0FA5-459A-B7FB-F3DA5CF8742A}.Debug|x64.ActiveCfg = Debug|x64
		{189B2160-0FA5-459A-B7FB-F3DA5CF8742A}.Debug|x64.Build.0 = Debug|x64
		{189B2160-0FA5-459A-B7FB-F3DA5CF8742A}.Debug|x86.ActiveCfg = Debug|Win32
		{189B2160-0FA5-459A-B7FB-F3DA5CF8742A}.Debug|x86.Build.0 = Debug|Win32
		{189B2160-0FA5-459A-B7FB-F3DA5CF8742A}.Release|x64.ActiveCfg = Release|x64
		{189B2160-0FA5-459A-B7FB-F3DA5CF8742A}.Release|x64.Build.0 = Release|x64
		{189B2160-0FA5-459A-B7FB-F3DA5CF8742A}.Release|x86.ActiveCfg = Release|Win32
		{189B2160-0FA5-459A-B7FB-F3DA5CF8742A}.Release|x86.Build.0 = Release|Win32
		{064E38F0-A684-4291-B71E-C46F2FB2BA63}.Debug|x64.ActiveCfg = Debug|x64
		{064E38F0-A684-4291-B71E-C46F2FB2BA63}.Debug|x64.Build.0 = Debug|x64
		{064E38F0-A684-4291-B71E-C46F2FB2BA63}.Debug|x86.ActiveCfg = Debug|Win32
		{064E38F0-A684-4291-B71E-C46F2FB2BA63}.Debug|x86.Build.0 = Debug|Win32
		{064E38F0-A684-4291-B71E-C46F2FB2BA63}.Release|x64.ActiveCfg = Release|x64
		{064E38F0-A684-4291-B71E-C46F2FB2BA63}.Release|x64.Build.0 = Release|x64
		{064E38F0-A684-4291-B71E-C46F2FB2BA63}.Release|x86.ActiveCfg = Release|Win32
		{064E38F0-A684-4291-B71E-C46F2FB2BA63}.Release|x86.Build.0 = Release|Win32
		{2143069D-D3CC-459E-90E3-C2857205ADBC}.Debug|x64.ActiveCfg = Debug|x64
		{2143069D-D3CC-459E-90E3-C2857205ADBC}.Debug|x64.Build.0 = Debug|x64
		{2143069D-D3CC-459E-90E3-C2857205ADBC}.Debug|x86.ActiveCfg = Debug|x64
		{2143069D-D3CC-459E-90E3-C2857205ADBC}.Release|x64.ActiveCfg = Release|x64
		{2143069D-D3CC-459E-90E3-C2857205ADBC}.Release|x64.Build.0 = Release|x64
		{2143069D-D3CC-459E-90E3-C2857205ADBC}.Release|x86.ActiveCfg = Release|x64
		{E5A2C274-F9E8-42FF-A511-B8B68F0492DC}.Debug|x64.ActiveCfg = Debug|x64
		{E5A2C274-F9E8-42FF-A511-B8B68F0492DC}.Debug|x64.Build.0 = Debug|x64
		{E5A2C274-F9E8-42FF-A511-B8B68F0492DC}.Debug|x86.ActiveCfg = Debug|x64
		{E5A2C274-F9E8-42FF-A511-B8B68F0492DC}.Release|x64.ActiveCfg = Release|x64
		{E5A2C274-F9E8-42FF-A511-B8B68F0492DC}.Release|x64.Build.0 = Release|x64
		{E5A2C274-F9E8-42FF-A511-B8B68F0492DC}.Release|x86.ActiveCfg = Release|x64
		{1AAB36A4-3965-4B67-8FBB-15B2DEE957D1}.Debug|x64.ActiveCfg = Debug|x64
		{1AAB36A4-3965-4B67-8FBB-15B2DEE957D1}.Debug|x64.Build.0 = Debug|x64
		{1AAB36A4-3965-4B67-8FBB-15B2DEE957D1}.Debug|x86.ActiveCfg = Debug|Win32
		{1AAB36A4-3965-4B67-8FBB-15B2DEE957D1}.Debug|x86.Build.0 = Debug|Win32
		{1AAB36A4-3965-4B67-8FBB-15B2DEE957D1}.Release|x64.ActiveCfg = Release|x64
		{1AAB36A4-3965-4B67-8FBB-15B2DEE957D1}.Release|x64.Build.0 = Release|x64
		{1AAB36A4-3965-4B67-8FBB-15B2DEE957D1}.Release|x86.ActiveCfg = Release|Win32
		{1AAB36A4-3965-4B67-8FBB-15B2DEE957D1}.Release|x86.Build.0 = Release|Win32
		{71E87BBB-4A82-4A84-80C6-ACA1A5DF25FB}.Debug|x64.ActiveCfg = Debug|x64
		{71E87BBB-4A82-4A84-80C6-ACA1A5DF25FB}.Debug|x64.Build.0 = Debug|x64
		{71E87BBB-4A82-4A84-80C6-ACA1A5DF25FB}.Debug|x86.ActiveCfg = Debug|x64
		{71E87BBB-4A82-4A84-80C6-ACA1A5DF25FB}.Release|x64.ActiveCfg = Release|x64
		{71E87BBB-4A82-4A84-80C6-ACA1A5DF25FB}.Release|x64.Build.0 = Release|x64
		{71E87BBB-4A82-4A84-80C6-ACA1A5DF25FB}.Release|x86.ActiveCfg = Release|x64
		{C68A6883-DBC2-45AA-BB36-44EC8CA48BE9}.Debug|x64.ActiveCfg = Debug|x64
		{C68A6883-DBC2-45AA-BB36-44EC8CA48BE9}.Debug|x64.Build.0 = Debug|x64
		{C68A6883-DBC2-45AA-BB36-44EC8CA48BE9}.Debug|x86.ActiveCfg = Debug|Win32
		{C68A6883-DBC2-45AA-BB36-44EC8CA48BE9}.Debug|x86.Build.0 = Debug|Win32
		{C68A6883-DBC2-45AA-BB36-44EC8CA48BE9}.Release|x64.ActiveCfg = Release|x64
		{C68A6883-DBC2-45AA-BB36-44EC8CA48BE9}.Release|x64.Build.0 = Release|x64
		{C68A6883-DBC2-45AA-BB36-44EC8CA48BE9}.Release|x86.ActiveCfg = Release|Win32
		{C68A6883-DBC2-45AA-BB36-44EC8CA48BE9}.Release|x86.Build.0 = Release|Win32
		{58AE2DA5-C68F-4E10-BC72-D094CC14317A}.Debug|x64.ActiveCfg = Debug|x64
		{58AE2DA5-C68F-4E10-BC72-D094CC14317A}.Debug|x64.Build.0 = Debug|x64
		{58AE2DA5-C68F-4E10-BC72-D094CC14317A}.Debug|x86.ActiveCfg = Debug|x64
		{58AE2DA5-C68F-4E10-BC72-D094CC14317A}.Release|x64.ActiveCfg = Release|x64
		{58AE2DA5-C68F-4E10-BC72-D094CC14317A}.Release|x64.Build.0 = Release|x64
		{58AE2DA5-C68F-4E10-BC72-D094CC14317A}.Release|x86.ActiveCfg = Release|x64
		{B629DAE3-0FAA-4EEB-97BC-7526F636A226}.Debug|x64.ActiveCfg = Debug|x64
		{B629DAE3-0FAA-4EEB-97BC-7526F636A226}.Debug|x64.Build.0 = Debug|x64
		{B629DAE3-0FAA-4EEB-97BC-7526F636A226}.Debug|x86.ActiveCfg = Debug|Win32
		{B629DAE3-0FAA-4EEB-97BC-7526F636A226}.Debug|x86.Build.0 = Debug|Win32
		{B629DAE3-0FAA-4EEB-97BC-7526F636A226}.Release|x64.ActiveCfg = Release|x64
		{B629DAE3-0FAA-4EEB-97BC-7526F636A226}.Release|x64.Build.0 = Release|x64
		{B629DAE3-0FAA-4EEB-97BC-7526F636A226}.Release|x86.ActiveCfg = Release|Win32
		{B629DAE3-0FAA-4EEB-97BC-7526F636A226}.Release|x86.Build.0 = Release|Win32
		{39CA4A09-D518-4464-A581-6A693BABCDBB}.Debug|x64.ActiveCfg = Debug|x64
		{39CA4A09-D518-4464-A581-6A693BABCDBB}.Debug|x64.Build.0 = Debug|x64
		{39CA4A09-D518-4464-A581-6A693BABCDBB}.Debug|x86.ActiveCfg = Debug|x64
		{39CA4A09-D518-4464-A581-6A693BABCDBB}.Release|x64.ActiveCfg = Release|x64
		{39CA4A09-D518-4464-A581-6A693BABCDBB}.Release|x64.Build.0 = Release|x64
		{39CA4A09-D518-4464-A581-6A693BABCDBB}.Release|x86.ActiveCfg = Release|x64
		{308E85DB-9608-434A-88DD-0E6E4F5CCBF8}.Debug|x64.ActiveCfg = Debug|x64
		{308E85DB-9608-434A-88DD-0E6E4F5CCBF8}.Debug|x64.Build.0 = Debug|x64
		{308E85DB-9608-434A-88DD-0E6E4F5CCBF8}.Debug|x86.ActiveCfg = Debug|Win32
		{308E85DB-9608-434A-88DD-0E6E4F5CCBF8}.Debug|x86.Build.0 = Debug|Win32
		{308E85DB-9608-434A-88DD-0E6E4F5CCBF8}.Release|x64.ActiveCfg = Release|x64
		{308E85DB-9608-434A-88DD-0E6E4F5CCBF8}.Release|x64.Build.0 = Release|x64
		{308E85DB-9608-434A-88DD-0E6E4F5CCBF8}.Release|x86.ActiveCfg = Release|Win32
		{308E85DB-9608-434A-88DD-0E6E4F5CCBF8}.Release|x86.Build.0 = Release|Win32
		{575E4669-B143-4574-8562-7D55EB7FE01C}.Debug|x64.ActiveCfg = Debug|x64
		{575E4669-B143-4574-8562-7D55EB7FE01C}.Debug|x64.Build.0 = Debug|x64
		{575E4669-B143-4574-8562-7D55EB7FE01C}.Debug|x86.ActiveCfg = Debug|Win32
		{575E4669-B143-4574-8562-7D55EB7FE01C}.Debug|x86.Build.0 = Debug|Win32
		{575E4669-B143-4574-8562-7D55EB7FE01C}.Release|x64.ActiveCfg = Release|x64
		{575E4669-B143-4574-8562-7D55EB7FE01C}.Release|x64.Build.0 = Release|x64
		{575E4669-B143-4574-8562-7D55EB7FE01C}.Release|x86.ActiveCfg = Release|Win32
		{575E4669-B143-4574-8562-7D55EB7FE01C}.Release|x86.Build.0 = Release|Win32
		{38F0685A-468B-41A7-BF5C-1B152ED136A6}.Debug|x64.ActiveCfg = Debug|x64
		{38F0685A-468B-41A7-BF5C-1B152ED136A6}.Debug|x64.Build.0 = Debug|x64
		{38F0685A-468B-41A7-BF5C-1B152ED136A6}.Debug|x86.ActiveCfg = Debug|Win32
		{38F0685A-468B-41A7-BF5C-1B152ED136A6}.Debug|x86.Build.0 = Debug|Win32
		{38F0685A-468B-41A7-BF5C-1B152ED136A6}.Release|x64.ActiveCfg = Release|x64
		{38F0685A-468B-41A7-BF5C-1B152ED136A6}.Release|x64.Build.0 = Release|x64
		{38F0685A-468B-41A7-BF5C-1B152ED136A6}.Release|x86.ActiveCfg = Release|Win32
		{38F0685A-468B-41A7-BF5C-1B152ED136A6}.Release|x86.Build.0 = Release|Win32
	EndGlobalSection
	GlobalSection(SolutionProperties) = preSolution
		HideSolutionNode = FALSE
	EndGlobalSection
	GlobalSection(ExtensibilityGlobals) = postSolution
		SolutionGuid = {F2D259DE-B7BA-4D9C-B36B-03016F100407}
	EndGlobalSection
EndGlobal
